{
  "originHash" : "ba107c011163a935c61aa8c874f02f51f0d84a2a03aefe4651e52686e8a46793",
  "pins" : [
    {
      "identity" : "capacitor-swift-pm",
      "kind" : "remoteSourceControl",
      "location" : "https://github.com/ionic-team/capacitor-swift-pm.git",
      "state" : {
        "revision" : "1f324fe7bdbdc8c5cc28bea48a231545a8c2e823",
        "version" : "8.1.0"
      }
    }
  ],
  "version" : 3
}
